
Microsoft Visual Studio Solution File, Format Version 11.00
# Visual Studio 2010
Project("{F2A71F9B-5D33-465A-A702-920D77279786}") = "FS_TestProj", "FS_TestProj\FS_TestProj.fsproj", "{BC3C2B62-D52E-4078-8BE4-E88204F4B656}"
EndProject
Project("{8BC9CEB8-8B4A-11D0-8D11-00A0C91BC942}") = "CP_TestProj", "CP_TestProj\CP_TestProj.vcxproj", "{D7388D09-94AC-427E-9856-C7EBA38176C7}"
EndProject
Global
	GlobalSection(SolutionConfigurationPlatforms) = preSolution
		Debug|Mixed Platforms = Debug|Mixed Platforms
		Debug|Win32 = Debug|Win32
		Debug|x86 = Debug|x86
		Release|Mixed Platforms = Release|Mixed Platforms
		Release|Win32 = Release|Win32
		Release|x86 = Release|x86
	EndGlobalSection
	GlobalSection(ProjectConfigurationPlatforms) = postSolution
		{BC3C2B62-D52E-4078-8BE4-E88204F4B656}.Debug|Mixed Platforms.ActiveCfg = Debug|x86
		{BC3C2B62-D52E-4078-8BE4-E88204F4B656}.Debug|Mixed Platforms.Build.0 = Debug|x86
		{BC3C2B62-D52E-4078-8BE4-E88204F4B656}.Debug|Win32.ActiveCfg = Debug|x86
		{BC3C2B62-D52E-4078-8BE4-E88204F4B656}.Debug|x86.ActiveCfg = Debug|x86
		{BC3C2B62-D52E-4078-8BE4-E88204F4B656}.Debug|x86.Build.0 = Debug|x86
		{BC3C2B62-D52E-4078-8BE4-E88204F4B656}.Release|Mixed Platforms.ActiveCfg = Release|x86
		{BC3C2B62-D52E-4078-8BE4-E88204F4B656}.Release|Mixed Platforms.Build.0 = Release|x86
		{BC3C2B62-D52E-4078-8BE4-E88204F4B656}.Release|Win32.ActiveCfg = Release|x86
		{BC3C2B62-D52E-4078-8BE4-E88204F4B656}.Release|x86.ActiveCfg = Release|x86
		{BC3C2B62-D52E-4078-8BE4-E88204F4B656}.Release|x86.Build.0 = Release|x86
		{D7388D09-94AC-427E-9856-C7EBA38176C7}.Debug|Mixed Platforms.ActiveCfg = Debug|Win32
		{D7388D09-94AC-427E-9856-C7EBA38176C7}.Debug|Mixed Platforms.Build.0 = Debug|Win32
		{D7388D09-94AC-427E-9856-C7EBA38176C7}.Debug|Win32.ActiveCfg = Debug|Win32
		{D7388D09-94AC-427E-9856-C7EBA38176C7}.Debug|Win32.Build.0 = Debug|Win32
		{D7388D09-94AC-427E-9856-C7EBA38176C7}.Debug|x86.ActiveCfg = Debug|Win32
		{D7388D09-94AC-427E-9856-C7EBA38176C7}.Release|Mixed Platforms.ActiveCfg = Release|Win32
		{D7388D09-94AC-427E-9856-C7EBA38176C7}.Release|Mixed Platforms.Build.0 = Release|Win32
		{D7388D09-94AC-427E-9856-C7EBA38176C7}.Release|Win32.ActiveCfg = Release|Win32
		{D7388D09-94AC-427E-9856-C7EBA38176C7}.Release|Win32.Build.0 = Release|Win32
		{D7388D09-94AC-427E-9856-C7EBA38176C7}.Release|x86.ActiveCfg = Release|Win32
	EndGlobalSection
	GlobalSection(SolutionProperties) = preSolution
		HideSolutionNode = FALSE
	EndGlobalSection
EndGlobal
